
Microsoft Visual Studio Solution File, Format Version 12.00
# Visual Studio Version 16
VisualStudioVersion = 16.0.29519.87
MinimumVisualStudioVersion = 10.0.40219.1
Project("{FAE04EC0-301F-11D3-BF4B-00C04F79EFBC}") = "GlobalDomination", "GlobalDomination\GlobalDomination.csproj", "{B1A8C342-9F44-421F-8C2F-778559C7A6D4}"
EndProject
Project("{FAE04EC0-301F-11D3-BF4B-00C04F79EFBC}") = "Database", "Database\Database.csproj", "{7935B5B2-A914-4D81-A367-6DD6868D895C}"
EndProject
Global
	GlobalSection(SolutionConfigurationPlatforms) = preSolution
		Debug|Any CPU = Debug|Any CPU
		Release|Any CPU = Release|Any CPU
	EndGlobalSection
	GlobalSection(ProjectConfigurationPlatforms) = postSolution
		{B1A8C342-9F44-421F-8C2F-778559C7A6D4}.Debug|Any CPU.ActiveCfg = Debug|Any CPU
		{B1A8C342-9F44-421F-8C2F-778559C7A6D4}.Debug|Any CPU.Build.0 = Debug|Any CPU
		{B1A8C342-9F44-421F-8C2F-778559C7A6D4}.Release|Any CPU.ActiveCfg = Release|Any CPU
		{B1A8C342-9F44-421F-8C2F-778559C7A6D4}.Release|Any CPU.Build.0 = Release|Any CPU
		{7935B5B2-A914-4D81-A367-6DD6868D895C}.Debug|Any CPU.ActiveCfg = Debug|Any CPU
		{7935B5B2-A914-4D81-A367-6DD6868D895C}.Debug|Any CPU.Build.0 = Debug|Any CPU
		{7935B5B2-A914-4D81-A367-6DD6868D895C}.Release|Any CPU.ActiveCfg = Release|Any CPU
		{7935B5B2-A914-4D81-A367-6DD6868D895C}.Release|Any CPU.Build.0 = Release|Any CPU
	EndGlobalSection
	GlobalSection(SolutionProperties) = preSolution
		HideSolutionNode = FALSE
	EndGlobalSection
	GlobalSection(ExtensibilityGlobals) = postSolution
		SolutionGuid = {DA83A791-3FB8-4270-9842-1C3FF900AE30}
	EndGlobalSection
EndGlobal
